# generated by rye
# use `rye lock` or `rye sync` to update this lockfile
#
# last locked with the following flags:
#   pre: false
#   features: []
#   all-features: false
#   with-sources: false
#   generate-hashes: false
#   universal: false

-e file:.
aiohappyeyeballs==2.6.1
    # via aiohttp
aiohttp==3.13.5
    # via pacmanranker
aiosignal==1.4.0
    # via aiohttp
attrs==26.1.0
    # via aiohttp
frozenlist==1.8.0
    # via aiohttp
    # via aiosignal
idna==3.13
    # via yarl
markdown-it-py==4.0.0
    # via rich
mdurl==0.1.2
    # via markdown-it-py
multidict==6.7.1
    # via aiohttp
    # via yarl
propcache==0.4.1
    # via aiohttp
    # via yarl
pygments==2.20.0
    # via rich
rich==15.0.0
    # via pacmanranker
yarl==1.23.0
    # via aiohttp
